lockfileVersion: '6.0'

settings:
  autoInstallPeers: true
  excludeLinksFromLockfile: false

dependencies:
  axios:
    specifier: ^1.4.0
    version: 1.4.0
  fetch-jsonp:
    specifier: ^1.3.0
    version: 1.3.0
  pinia:
    specifier: ^2.1.4
    version: 2.1.4(vue@3.3.4)
  pinia-plugin-persistedstate:
    specifier: ^3.2.0
    version: 3.2.0(pinia@2.1.4)
  sass:
    specifier: ^1.64.1
    version: 1.64.1
  vue:
    specifier: ^3.3.4
    version: 3.3.4

devDependencies:
  '@vitejs/plugin-vue':
    specifier: ^4.2.3
    version: 4.2.3(vite@4.4.6)(vue@3.3.4)
  terser:
    specifier: ^5.19.2
    version: 5.19.2
  vite:
    specifier: ^4.4.5
    version: 4.4.6(sass@1.64.1)(terser@5.19.2)

packages:

  /@babel/helper-string-parser@7.22.5:
    resolution: {integrity: sha512-mM4COjgZox8U+JcXQwPijIZLElkgEpO5rsERVDJTc2qfCDfERyob6k5WegS14SX18IIjv+XD+GrqNumY5JRCDw==}
    engines: {node: '>=6.9.0'}

  /@babel/helper-validator-identifier@7.22.5:
    resolution: {integrity: sha512-aJXu+6lErq8ltp+JhkJUfk1MTGyuA4v7f3pA+BJ5HLfNC6nAQ0Cpi9uOquUj8Hehg0aUiHzWQbOVJGao6ztBAQ==}
    engines: {node: '>=6.9.0'}

  /@babel/parser@7.22.7:
    resolution: {integrity: sha512-7NF8pOkHP5o2vpmGgNGcfAeCvOYhGLyA3Z4eBQkT1RJlWu47n63bCs93QfJ2hIAFCil7L5P2IWhs1oToVgrL0Q==}
    engines: {node: '>=6.0.0'}
    hasBin: true
    dependencies:
      '@babel/types': 7.22.5

  /@babel/types@7.22.5:
    resolution: {integrity: sha512-zo3MIHGOkPOfoRXitsgHLjEXmlDaD/5KU1Uzuc9GNiZPhSqVxVRtxuPaSBZDsYZ9qV88AjtMtWW7ww98loJ9KA==}
    engines: {node: '>=6.9.0'}
    dependencies:
      '@babel/helper-string-parser': 7.22.5
      '@babel/helper-validator-identifier': 7.22.5
      to-fast-properties: 2.0.0

  /@esbuild/android-arm64@0.18.16:
    resolution: {integrity: sha512-wsCqSPqLz+6Ov+OM4EthU43DyYVVyfn15S4j1bJzylDpc1r1jZFFfJQNfDuT8SlgwuqpmpJXK4uPlHGw6ve7eA==}
    engines: {node: '>=12'}
    cpu: [arm64]
    os: [android]
    requiresBuild: true
    dev: true
    optional: true

  /@esbuild/android-arm@0.18.16:
    resolution: {integrity: sha512-gCHjjQmA8L0soklKbLKA6pgsLk1byULuHe94lkZDzcO3/Ta+bbeewJioEn1Fr7kgy9NWNFy/C+MrBwC6I/WCug==}
    engines: {node: '>=12'}
    cpu: [arm]
    os: [android]
    requiresBuild: true
    dev: true
    optional: true

  /@esbuild/android-x64@0.18.16:
    resolution: {integrity: sha512-ldsTXolyA3eTQ1//4DS+E15xl0H/3DTRJaRL0/0PgkqDsI0fV/FlOtD+h0u/AUJr+eOTlZv4aC9gvfppo3C4sw==}
    engines: {node: '>=12'}
    cpu: [x64]
    os: [android]
    requiresBuild: true
    dev: true
    optional: true

  /@esbuild/darwin-arm64@0.18.16:
    resolution: {integrity: sha512-aBxruWCII+OtluORR/KvisEw0ALuw/qDQWvkoosA+c/ngC/Kwk0lLaZ+B++LLS481/VdydB2u6tYpWxUfnLAIw==}
    engines: {node: '>=12'}
    cpu: [arm64]
    os: [darwin]
    requiresBuild: true
    dev: true
    optional: true

  /@esbuild/darwin-x64@0.18.16:
    resolution: {integrity: sha512-6w4Dbue280+rp3LnkgmriS1icOUZDyPuZo/9VsuMUTns7SYEiOaJ7Ca1cbhu9KVObAWfmdjUl4gwy9TIgiO5eA==}
    engines: {node: '>=12'}
    cpu: [x64]
    os: [darwin]
    requiresBuild: true
    dev: true
    optional: true

  /@esbuild/freebsd-arm64@0.18.16:
    resolution: {integrity: sha512-x35fCebhe9s979DGKbVAwXUOcTmCIE32AIqB9CB1GralMIvxdnMLAw5CnID17ipEw9/3MvDsusj/cspYt2ZLNQ==}
    engines: {node: '>=12'}
    cpu: [arm64]
    os: [freebsd]
    requiresBuild: true
    dev: true
    optional: true

  /@esbuild/freebsd-x64@0.18.16:
    resolution: {integrity: sha512-YM98f+PeNXF3GbxIJlUsj+McUWG1irguBHkszCIwfr3BXtXZsXo0vqybjUDFfu9a8Wr7uUD/YSmHib+EeGAFlg==}
    engines: {node: '>=12'}
    cpu: [x64]
    os: [freebsd]
    requiresBuild: true
    dev: true
    optional: true

  /@esbuild/linux-arm64@0.18.16:
    resolution: {integrity: sha512-XIqhNUxJiuy+zsR77+H5Z2f7s4YRlriSJKtvx99nJuG5ATuJPjmZ9n0ANgnGlPCpXGSReFpgcJ7O3SMtzIFeiQ==}
    engines: {node: '>=12'}
    cpu: [arm64]
    os: [linux]
    requiresBuild: true
    dev: true
    optional: true

  /@esbuild/linux-arm@0.18.16:
    resolution: {integrity: sha512-b5ABb+5Ha2C9JkeZXV+b+OruR1tJ33ePmv9ZwMeETSEKlmu/WJ45XTTG+l6a2KDsQtJJ66qo/hbSGBtk0XVLHw==}
    engines: {node: '>=12'}
    cpu: [arm]
    os: [linux]
    requiresBuild: true
    dev: true
    optional: true

  /@esbuild/linux-ia32@0.18.16:
    resolution: {integrity: sha512-no+pfEpwnRvIyH+txbBAWtjxPU9grslmTBfsmDndj7bnBmr55rOo/PfQmRfz7Qg9isswt1FP5hBbWb23fRWnow==}
    engines: {node: '>=12'}
    cpu: [ia32]
    os: [linux]
    requiresBuild: true
    dev: true
    optional: true

  /@esbuild/linux-loong64@0.18.16:
    resolution: {integrity: sha512-Zbnczs9ZXjmo0oZSS0zbNlJbcwKXa/fcNhYQjahDs4Xg18UumpXG/lwM2lcSvHS3mTrRyCYZvJbmzYc4laRI1g==}
    engines: {node: '>=12'}
    cpu: [loong64]
    os: [linux]
    requiresBuild: true
    dev: true
    optional: true

  /@esbuild/linux-mips64el@0.18.16:
    resolution: {integrity: sha512-YMF7hih1HVR/hQVa/ot4UVffc5ZlrzEb3k2ip0nZr1w6fnYypll9td2qcoMLvd3o8j3y6EbJM3MyIcXIVzXvQQ==}
    engines: {node: '>=12'}
    cpu: [mips64el]
    os: [linux]
    requiresBuild: true
    dev: true
    optional: true

  /@esbuild/linux-ppc64@0.18.16:
    resolution: {integrity: sha512-Wkz++LZ29lDwUyTSEnzDaaP5OveOgTU69q9IyIw9WqLRxM4BjTBjz9un4G6TOvehWpf/J3gYVFN96TjGHrbcNQ==}
    engines: {node: '>=12'}
    cpu: [ppc64]
    os: [linux]
    requiresBuild: true
    dev: true
    optional: true

  /@esbuild/linux-riscv64@0.18.16:
    resolution: {integrity: sha512-LFMKZ30tk78/mUv1ygvIP+568bwf4oN6reG/uczXnz6SvFn4e2QUFpUpZY9iSJT6Qpgstrhef/nMykIXZtZWGQ==}
    engines: {node: '>=12'}
    cpu: [riscv64]
    os: [linux]
    requiresBuild: true
    dev: true
    optional: true

  /@esbuild/linux-s390x@0.18.16:
    resolution: {integrity: sha512-3ZC0BgyYHYKfZo3AV2/66TD/I9tlSBaW7eWTEIkrQQKfJIifKMMttXl9FrAg+UT0SGYsCRLI35Gwdmm96vlOjg==}
    engines: {node: '>=12'}
    cpu: [s390x]
    os: [linux]
    requiresBuild: true
    dev: true
    optional: true

  /@esbuild/linux-x64@0.18.16:
    resolution: {integrity: sha512-xu86B3647DihHJHv/wx3NCz2Dg1gjQ8bbf9cVYZzWKY+gsvxYmn/lnVlqDRazObc3UMwoHpUhNYaZset4X8IPA==}
    engines: {node: '>=12'}
    cpu: [x64]
    os: [linux]
    requiresBuild: true
    dev: true
    optional: true

  /@esbuild/netbsd-x64@0.18.16:
    resolution: {integrity: sha512-uVAgpimx9Ffw3xowtg/7qQPwHFx94yCje+DoBx+LNm2ePDpQXHrzE+Sb0Si2VBObYz+LcRps15cq+95YM7gkUw==}
    engines: {node: '>=12'}
    cpu: [x64]
    os: [netbsd]
    requiresBuild: true
    dev: true
    optional: true

  /@esbuild/openbsd-x64@0.18.16:
    resolution: {integrity: sha512-6OjCQM9wf7z8/MBi6BOWaTL2AS/SZudsZtBziXMtNI8r/U41AxS9x7jn0ATOwVy08OotwkPqGRMkpPR2wcTJXA==}
    engines: {node: '>=12'}
    cpu: [x64]
    os: [openbsd]
    requiresBuild: true
    dev: true
    optional: true

  /@esbuild/sunos-x64@0.18.16:
    resolution: {integrity: sha512-ZoNkruFYJp9d1LbUYCh8awgQDvB9uOMZqlQ+gGEZR7v6C+N6u7vPr86c+Chih8niBR81Q/bHOSKGBK3brJyvkQ==}
    engines: {node: '>=12'}
    cpu: [x64]
    os: [sunos]
    requiresBuild: true
    dev: true
    optional: true

  /@esbuild/win32-arm64@0.18.16:
    resolution: {integrity: sha512-+j4anzQ9hrs+iqO+/wa8UE6TVkKua1pXUb0XWFOx0FiAj6R9INJ+WE//1/Xo6FG1vB5EpH3ko+XcgwiDXTxcdw==}
    engines: {node: '>=12'}
    cpu: [arm64]
    os: [win32]
    requiresBuild: true
    dev: true
    optional: true

  /@esbuild/win32-ia32@0.18.16:
    resolution: {integrity: sha512-5PFPmq3sSKTp9cT9dzvI67WNfRZGvEVctcZa1KGjDDu4n3H8k59Inbk0du1fz0KrAbKKNpJbdFXQMDUz7BG4rQ==}
    engines: {node: '>=12'}
    cpu: [ia32]
    os: [win32]
    requiresBuild: true
    dev: true
    optional: true

  /@esbuild/win32-x64@0.18.16:
    resolution: {integrity: sha512-sCIVrrtcWN5Ua7jYXNG1xD199IalrbfV2+0k/2Zf2OyV2FtnQnMgdzgpRAbi4AWlKJj1jkX+M+fEGPQj6BQB4w==}
    engines: {node: '>=12'}
    cpu: [x64]
    os: [win32]
    requiresBuild: true
    dev: true
    optional: true

  /@jridgewell/gen-mapping@0.3.3:
    resolution: {integrity: sha512-HLhSWOLRi875zjjMG/r+Nv0oCW8umGb0BgEhyX3dDX3egwZtB8PqLnjz3yedt8R5StBrzcg4aBpnh8UA9D1BoQ==}
    engines: {node: '>=6.0.0'}
    dependencies:
      '@jridgewell/set-array': 1.1.2
      '@jridgewell/sourcemap-codec': 1.4.15
      '@jridgewell/trace-mapping': 0.3.18
    dev: true

  /@jridgewell/resolve-uri@3.1.0:
    resolution: {integrity: sha512-F2msla3tad+Mfht5cJq7LSXcdudKTWCVYUgw6pLFOOHSTtZlj6SWNYAp+AhuqLmWdBO2X5hPrLcu8cVP8fy28w==}
    engines: {node: '>=6.0.0'}
    dev: true

  /@jridgewell/set-array@1.1.2:
    resolution: {integrity: sha512-xnkseuNADM0gt2bs+BvhO0p78Mk762YnZdsuzFV018NoG1Sj1SCQvpSqa7XUaTam5vAGasABV9qXASMKnFMwMw==}
    engines: {node: '>=6.0.0'}
    dev: true

  /@jridgewell/source-map@0.3.5:
    resolution: {integrity: sha512-UTYAUj/wviwdsMfzoSJspJxbkH5o1snzwX0//0ENX1u/55kkZZkcTZP6u9bwKGkv+dkk9at4m1Cpt0uY80kcpQ==}
    dependencies:
      '@jridgewell/gen-mapping': 0.3.3
      '@jridgewell/trace-mapping': 0.3.18
    dev: true

  /@jridgewell/sourcemap-codec@1.4.14:
    resolution: {integrity: sha512-XPSJHWmi394fuUuzDnGz1wiKqWfo1yXecHQMRf2l6hztTO+nPru658AyDngaBe7isIxEkRsPR3FZh+s7iVa4Uw==}
    dev: true

  /@jridgewell/sourcemap-codec@1.4.15:
    resolution: {integrity: sha512-eF2rxCRulEKXHTRiDrDy6erMYWqNw4LPdQ8UQA4huuxaQsVeRPFl2oM8oDGxMFhJUWZf9McpLtJasDDZb/Bpeg==}

  /@jridgewell/trace-mapping@0.3.18:
    resolution: {integrity: sha512-w+niJYzMHdd7USdiH2U6869nqhD2nbfZXND5Yp93qIbEmnDNk7PD48o+YchRVpzMU7M6jVCbenTR7PA1FLQ9pA==}
    dependencies:
      '@jridgewell/resolve-uri': 3.1.0
      '@jridgewell/sourcemap-codec': 1.4.14
    dev: true

  /@vitejs/plugin-vue@4.2.3(vite@4.4.6)(vue@3.3.4):
    resolution: {integrity: sha512-R6JDUfiZbJA9cMiguQ7jxALsgiprjBeHL5ikpXfJCH62pPHtI+JdJ5xWj6Ev73yXSlYl86+blXn1kZHQ7uElxw==}
    engines: {node: ^14.18.0 || >=16.0.0}
    peerDependencies:
      vite: ^4.0.0
      vue: ^3.2.25
    dependencies:
      vite: 4.4.6(sass@1.64.1)(terser@5.19.2)
      vue: 3.3.4
    dev: true

  /@vue/compiler-core@3.3.4:
    resolution: {integrity: sha512-cquyDNvZ6jTbf/+x+AgM2Arrp6G4Dzbb0R64jiG804HRMfRiFXWI6kqUVqZ6ZR0bQhIoQjB4+2bhNtVwndW15g==}
    dependencies:
      '@babel/parser': 7.22.7
      '@vue/shared': 3.3.4
      estree-walker: 2.0.2
      source-map-js: 1.0.2

  /@vue/compiler-dom@3.3.4:
    resolution: {integrity: sha512-wyM+OjOVpuUukIq6p5+nwHYtj9cFroz9cwkfmP9O1nzH68BenTTv0u7/ndggT8cIQlnBeOo6sUT/gvHcIkLA5w==}
    dependencies:
      '@vue/compiler-core': 3.3.4
      '@vue/shared': 3.3.4

  /@vue/compiler-sfc@3.3.4:
    resolution: {integrity: sha512-6y/d8uw+5TkCuzBkgLS0v3lSM3hJDntFEiUORM11pQ/hKvkhSKZrXW6i69UyXlJQisJxuUEJKAWEqWbWsLeNKQ==}
    dependencies:
      '@babel/parser': 7.22.7
      '@vue/compiler-core': 3.3.4
      '@vue/compiler-dom': 3.3.4
      '@vue/compiler-ssr': 3.3.4
      '@vue/reactivity-transform': 3.3.4
      '@vue/shared': 3.3.4
      estree-walker: 2.0.2
      magic-string: 0.30.1
      postcss: 8.4.27
      source-map-js: 1.0.2

  /@vue/compiler-ssr@3.3.4:
    resolution: {integrity: sha512-m0v6oKpup2nMSehwA6Uuu+j+wEwcy7QmwMkVNVfrV9P2qE5KshC6RwOCq8fjGS/Eak/uNb8AaWekfiXxbBB6gQ==}
    dependencies:
      '@vue/compiler-dom': 3.3.4
      '@vue/shared': 3.3.4

  /@vue/devtools-api@6.5.0:
    resolution: {integrity: sha512-o9KfBeaBmCKl10usN4crU53fYtC1r7jJwdGKjPT24t348rHxgfpZ0xL3Xm/gLUYnc0oTp8LAmrxOeLyu6tbk2Q==}
    dev: false

  /@vue/reactivity-transform@3.3.4:
    resolution: {integrity: sha512-MXgwjako4nu5WFLAjpBnCj/ieqcjE2aJBINUNQzkZQfzIZA4xn+0fV1tIYBJvvva3N3OvKGofRLvQIwEQPpaXw==}
    dependencies:
      '@babel/parser': 7.22.7
      '@vue/compiler-core': 3.3.4
      '@vue/shared': 3.3.4
      estree-walker: 2.0.2
      magic-string: 0.30.1

  /@vue/reactivity@3.3.4:
    resolution: {integrity: sha512-kLTDLwd0B1jG08NBF3R5rqULtv/f8x3rOFByTDz4J53ttIQEDmALqKqXY0J+XQeN0aV2FBxY8nJDf88yvOPAqQ==}
    dependencies:
      '@vue/shared': 3.3.4

  /@vue/runtime-core@3.3.4:
    resolution: {integrity: sha512-R+bqxMN6pWO7zGI4OMlmvePOdP2c93GsHFM/siJI7O2nxFRzj55pLwkpCedEY+bTMgp5miZ8CxfIZo3S+gFqvA==}
    dependencies:
      '@vue/reactivity': 3.3.4
      '@vue/shared': 3.3.4

  /@vue/runtime-dom@3.3.4:
    resolution: {integrity: sha512-Aj5bTJ3u5sFsUckRghsNjVTtxZQ1OyMWCr5dZRAPijF/0Vy4xEoRCwLyHXcj4D0UFbJ4lbx3gPTgg06K/GnPnQ==}
    dependencies:
      '@vue/runtime-core': 3.3.4
      '@vue/shared': 3.3.4
      csstype: 3.1.2

  /@vue/server-renderer@3.3.4(vue@3.3.4):
    resolution: {integrity: sha512-Q6jDDzR23ViIb67v+vM1Dqntu+HUexQcsWKhhQa4ARVzxOY2HbC7QRW/ggkDBd5BU+uM1sV6XOAP0b216o34JQ==}
    peerDependencies:
      vue: 3.3.4
    dependencies:
      '@vue/compiler-ssr': 3.3.4
      '@vue/shared': 3.3.4
      vue: 3.3.4

  /@vue/shared@3.3.4:
    resolution: {integrity: sha512-7OjdcV8vQ74eiz1TZLzZP4JwqM5fA94K6yntPS5Z25r9HDuGNzaGdgvwKYq6S+MxwF0TFRwe50fIR/MYnakdkQ==}

  /acorn@8.10.0:
    resolution: {integrity: sha512-F0SAmZ8iUtS//m8DmCTA0jlh6TDKkHQyK6xc6V4KDTyZKA9dnvX9/3sRTVQrWm79glUAZbnmmNcdYwUIHWVybw==}
    engines: {node: '>=0.4.0'}
    hasBin: true
    dev: true

  /anymatch@3.1.3:
    resolution: {integrity: sha512-KMReFUr0B4t+D+OBkjR3KYqvocp2XaSzO55UcB6mgQMd3KbcE+mWTyvVV7D/zsdEbNnV6acZUutkiHQXvTr1Rw==}
    engines: {node: '>= 8'}
    dependencies:
      normalize-path: 3.0.0
      picomatch: 2.3.1

  /asynckit@0.4.0:
    resolution: {integrity: sha512-Oei9OH4tRh0YqU3GxhX79dM/mwVgvbZJaSNaRk+bshkj0S5cfHcgYakreBjrHwatXKbz+IoIdYLxrKim2MjW0Q==}
    dev: false

  /axios@1.4.0:
    resolution: {integrity: sha512-S4XCWMEmzvo64T9GfvQDOXgYRDJ/wsSZc7Jvdgx5u1sd0JwsuPLqb3SYmusag+edF6ziyMensPVqLTSc1PiSEA==}
    dependencies:
      follow-redirects: 1.15.2
      form-data: 4.0.0
      proxy-from-env: 1.1.0
    transitivePeerDependencies:
      - debug
    dev: false

  /binary-extensions@2.2.0:
    resolution: {integrity: sha512-jDctJ/IVQbZoJykoeHbhXpOlNBqGNcwXJKJog42E5HDPUwQTSdjCHdihjj0DlnheQ7blbT6dHOafNAiS8ooQKA==}
    engines: {node: '>=8'}

  /braces@3.0.2:
    resolution: {integrity: sha512-b8um+L1RzM3WDSzvhm6gIz1yfTbBt6YTlcEKAvsmqCZZFw46z626lVj9j1yEPW33H5H+lBQpZMP1k8l+78Ha0A==}
    engines: {node: '>=8'}
    dependencies:
      fill-range: 7.0.1

  /buffer-from@1.1.2:
    resolution: {integrity: sha512-E+XQCRwSbaaiChtv6k6Dwgc+bx+Bs6vuKJHHl5kox/BaKbhiXzqQOwK4cO22yElGp2OCmjwVhT3HmxgyPGnJfQ==}
    dev: true

  /chokidar@3.5.3:
    resolution: {integrity: sha512-Dr3sfKRP6oTcjf2JmUmFJfeVMvXBdegxB0iVQ5eb2V10uFJUCAS8OByZdVAyVb8xXNz3GjjTgj9kLWsZTqE6kw==}
    engines: {node: '>= 8.10.0'}
    dependencies:
      anymatch: 3.1.3
      braces: 3.0.2
      glob-parent: 5.1.2
      is-binary-path: 2.1.0
      is-glob: 4.0.3
      normalize-path: 3.0.0
      readdirp: 3.6.0
    optionalDependencies:
      fsevents: 2.3.2

  /combined-stream@1.0.8:
    resolution: {integrity: sha512-FQN4MRfuJeHf7cBbBMJFXhKSDq+2kAArBlmRBvcvFE5BB1HZKXtSFASDhdlz9zOYwxh8lDdnvmMOe/+5cdoEdg==}
    engines: {node: '>= 0.8'}
    dependencies:
      delayed-stream: 1.0.0
    dev: false

  /commander@2.20.3:
    resolution: {integrity: sha512-GpVkmM8vF2vQUkj2LvZmD35JxeJOLCwJ9cUkugyk2nuhbv3+mJvpLYYt+0+USMxE+oj+ey/lJEnhZw75x/OMcQ==}
    dev: true

  /csstype@3.1.2:
    resolution: {integrity: sha512-I7K1Uu0MBPzaFKg4nI5Q7Vs2t+3gWWW648spaF+Rg7pI9ds18Ugn+lvg4SHczUdKlHI5LWBXyqfS8+DufyBsgQ==}

  /delayed-stream@1.0.0:
    resolution: {integrity: sha512-ZySD7Nf91aLB0RxL4KGrKHBXl7Eds1DAmEdcoVawXnLD7SDhpNgtuII2aAkg7a7QS41jxPSZ17p4VdGnMHk3MQ==}
    engines: {node: '>=0.4.0'}
    dev: false

  /esbuild@0.18.16:
    resolution: {integrity: sha512-1xLsOXrDqwdHxyXb/x/SOyg59jpf/SH7YMvU5RNSU7z3TInaASNJWNFJ6iRvLvLETZMasF3d1DdZLg7sgRimRQ==}
    engines: {node: '>=12'}
    hasBin: true
    requiresBuild: true
    optionalDependencies:
      '@esbuild/android-arm': 0.18.16
      '@esbuild/android-arm64': 0.18.16
      '@esbuild/android-x64': 0.18.16
      '@esbuild/darwin-arm64': 0.18.16
      '@esbuild/darwin-x64': 0.18.16
      '@esbuild/freebsd-arm64': 0.18.16
      '@esbuild/freebsd-x64': 0.18.16
      '@esbuild/linux-arm': 0.18.16
      '@esbuild/linux-arm64': 0.18.16
      '@esbuild/linux-ia32': 0.18.16
      '@esbuild/linux-loong64': 0.18.16
      '@esbuild/linux-mips64el': 0.18.16
      '@esbuild/linux-ppc64': 0.18.16
      '@esbuild/linux-riscv64': 0.18.16
      '@esbuild/linux-s390x': 0.18.16
      '@esbuild/linux-x64': 0.18.16
      '@esbuild/netbsd-x64': 0.18.16
      '@esbuild/openbsd-x64': 0.18.16
      '@esbuild/sunos-x64': 0.18.16
      '@esbuild/win32-arm64': 0.18.16
      '@esbuild/win32-ia32': 0.18.16
      '@esbuild/win32-x64': 0.18.16
    dev: true

  /estree-walker@2.0.2:
    resolution: {integrity: sha512-Rfkk/Mp/DL7JVje3u18FxFujQlTNR2q6QfMSMB7AvCBx91NGj/ba3kCfza0f6dVDbw7YlRf/nDrn7pQrCCyQ/w==}

  /fetch-jsonp@1.3.0:
    resolution: {integrity: sha512-hxCYGvmANEmpkHpeWY8Kawfa5Z1t2csTpIClIDG/0S92eALWHRU1RnGaj86Tf5Cc0QF+afSa4SQ4pFB2rFM5QA==}
    dev: false

  /fill-range@7.0.1:
    resolution: {integrity: sha512-qOo9F+dMUmC2Lcb4BbVvnKJxTPjCm+RRpe4gDuGrzkL7mEVl/djYSu2OdQ2Pa302N4oqkSg9ir6jaLWJ2USVpQ==}
    engines: {node: '>=8'}
    dependencies:
      to-regex-range: 5.0.1

  /follow-redirects@1.15.2:
    resolution: {integrity: sha512-VQLG33o04KaQ8uYi2tVNbdrWp1QWxNNea+nmIB4EVM28v0hmP17z7aG1+wAkNzVq4KeXTq3221ye5qTJP91JwA==}
    engines: {node: '>=4.0'}
    peerDependencies:
      debug: '*'
    peerDependenciesMeta:
      debug:
        optional: true
    dev: false

  /form-data@4.0.0:
    resolution: {integrity: sha512-ETEklSGi5t0QMZuiXoA/Q6vcnxcLQP5vdugSpuAyi6SVGi2clPPp+xgEhuMaHC+zGgn31Kd235W35f7Hykkaww==}
    engines: {node: '>= 6'}
    dependencies:
      asynckit: 0.4.0
      combined-stream: 1.0.8
      mime-types: 2.1.35
    dev: false

  /fsevents@2.3.2:
    resolution: {integrity: sha512-xiqMQR4xAeHTuB9uWm+fFRcIOgKBMiOBP+eXiyT7jsgVCq1bkVygt00oASowB7EdtpOHaaPgKt812P9ab+DDKA==}
    engines: {node: ^8.16.0 || ^10.6.0 || >=11.0.0}
    os: [darwin]
    requiresBuild: true
    optional: true

  /glob-parent@5.1.2:
    resolution: {integrity: sha512-AOIgSQCepiJYwP3ARnGx+5VnTu2HBYdzbGP45eLw1vr3zB3vZLeyed1sC9hnbcOc9/SrMyM5RPQrkGz4aS9Zow==}
    engines: {node: '>= 6'}
    dependencies:
      is-glob: 4.0.3

  /immutable@4.3.1:
    resolution: {integrity: sha512-lj9cnmB/kVS0QHsJnYKD1uo3o39nrbKxszjnqS9Fr6NB7bZzW45U6WSGBPKXDL/CvDKqDNPA4r3DoDQ8GTxo2A==}

  /is-binary-path@2.1.0:
    resolution: {integrity: sha512-ZMERYes6pDydyuGidse7OsHxtbI7WVeUEozgR/g7rd0xUimYNlvZRE/K2MgZTjWy725IfelLeVcEM97mmtRGXw==}
    engines: {node: '>=8'}
    dependencies:
      binary-extensions: 2.2.0

  /is-extglob@2.1.1:
    resolution: {integrity: sha512-SbKbANkN603Vi4jEZv49LeVJMn4yGwsbzZworEoyEiutsN3nJYdbO36zfhGJ6QEDpOZIFkDtnq5JRxmvl3jsoQ==}
    engines: {node: '>=0.10.0'}

  /is-glob@4.0.3:
    resolution: {integrity: sha512-xelSayHH36ZgE7ZWhli7pW34hNbNl8Ojv5KVmkJD4hBdD3th8Tfk9vYasLM+mXWOZhFkgZfxhLSnrwRr4elSSg==}
    engines: {node: '>=0.10.0'}
    dependencies:
      is-extglob: 2.1.1

  /is-number@7.0.0:
    resolution: {integrity: sha512-41Cifkg6e8TylSpdtTpeLVMqvSBEVzTttHvERD741+pnZ8ANv0004MRL43QKPDlK9cGvNp6NZWZUBlbGXYxxng==}
    engines: {node: '>=0.12.0'}

  /magic-string@0.30.1:
    resolution: {integrity: sha512-mbVKXPmS0z0G4XqFDCTllmDQ6coZzn94aMlb0o/A4HEHJCKcanlDZwYJgwnkmgD3jyWhUgj9VsPrfd972yPffA==}
    engines: {node: '>=12'}
    dependencies:
      '@jridgewell/sourcemap-codec': 1.4.15

  /mime-db@1.52.0:
    resolution: {integrity: sha512-sPU4uV7dYlvtWJxwwxHD0PuihVNiE7TyAbQ5SWxDCB9mUYvOgroQOwYQQOKPJ8CIbE+1ETVlOoK1UC2nU3gYvg==}
    engines: {node: '>= 0.6'}
    dev: false

  /mime-types@2.1.35:
    resolution: {integrity: sha512-ZDY+bPm5zTTF+YpCrAU9nK0UgICYPT0QtT1NZWFv4s++TNkcgVaT0g6+4R2uI4MjQjzysHB1zxuWL50hzaeXiw==}
    engines: {node: '>= 0.6'}
    dependencies:
      mime-db: 1.52.0
    dev: false

  /nanoid@3.3.6:
    resolution: {integrity: sha512-BGcqMMJuToF7i1rt+2PWSNVnWIkGCU78jBG3RxO/bZlnZPK2Cmi2QaffxGO/2RvWi9sL+FAiRiXMgsyxQ1DIDA==}
    engines: {node: ^10 || ^12 || ^13.7 || ^14 || >=15.0.1}
    hasBin: true

  /normalize-path@3.0.0:
    resolution: {integrity: sha512-6eZs5Ls3WtCisHWp9S2GUy8dqkpGi4BVSz3GaqiE6ezub0512ESztXUwUB6C6IKbQkY2Pnb/mD4WYojCRwcwLA==}
    engines: {node: '>=0.10.0'}

  /picocolors@1.0.0:
    resolution: {integrity: sha512-1fygroTLlHu66zi26VoTDv8yRgm0Fccecssto+MhsZ0D/DGW2sm8E8AjW7NU5VVTRt5GxbeZ5qBuJr+HyLYkjQ==}

  /picomatch@2.3.1:
    resolution: {integrity: sha512-JU3teHTNjmE2VCGFzuY8EXzCDVwEqB2a8fsIvwaStHhAWJEeVd1o1QD80CU6+ZdEXXSLbSsuLwJjkCBWqRQUVA==}
    engines: {node: '>=8.6'}

  /pinia-plugin-persistedstate@3.2.0(pinia@2.1.4):
    resolution: {integrity: sha512-tZbNGf2vjAQcIm7alK40sE51Qu/m9oWr+rEgNm/2AWr1huFxj72CjvpQcIQzMknDBJEkQznCLAGtJTIcLKrKdw==}
    peerDependencies:
      pinia: ^2.0.0
    dependencies:
      pinia: 2.1.4(vue@3.3.4)
    dev: false

  /pinia@2.1.4(vue@3.3.4):
    resolution: {integrity: sha512-vYlnDu+Y/FXxv1ABo1vhjC+IbqvzUdiUC3sfDRrRyY2CQSrqqaa+iiHmqtARFxJVqWQMCJfXx1PBvFs9aJVLXQ==}
    peerDependencies:
      '@vue/composition-api': ^1.4.0
      typescript: '>=4.4.4'
      vue: ^2.6.14 || ^3.3.0
    peerDependenciesMeta:
      '@vue/composition-api':
        optional: true
      typescript:
        optional: true
    dependencies:
      '@vue/devtools-api': 6.5.0
      vue: 3.3.4
      vue-demi: 0.14.5(vue@3.3.4)
    dev: false

  /postcss@8.4.27:
    resolution: {integrity: sha512-gY/ACJtJPSmUFPDCHtX78+01fHa64FaU4zaaWfuh1MhGJISufJAH4cun6k/8fwsHYeK4UQmENQK+tRLCFJE8JQ==}
    engines: {node: ^10 || ^12 || >=14}
    dependencies:
      nanoid: 3.3.6
      picocolors: 1.0.0
      source-map-js: 1.0.2

  /proxy-from-env@1.1.0:
    resolution: {integrity: sha512-D+zkORCbA9f1tdWRK0RaCR3GPv50cMxcrz4X8k5LTSUD1Dkw47mKJEZQNunItRTkWwgtaUSo1RVFRIG9ZXiFYg==}
    dev: false

  /readdirp@3.6.0:
    resolution: {integrity: sha512-hOS089on8RduqdbhvQ5Z37A0ESjsqz6qnRcffsMU3495FuTdqSm+7bhJ29JvIOsBDEEnan5DPu9t3To9VRlMzA==}
    engines: {node: '>=8.10.0'}
    dependencies:
      picomatch: 2.3.1

  /rollup@3.26.3:
    resolution: {integrity: sha512-7Tin0C8l86TkpcMtXvQu6saWH93nhG3dGQ1/+l5V2TDMceTxO7kDiK6GzbfLWNNxqJXm591PcEZUozZm51ogwQ==}
    engines: {node: '>=14.18.0', npm: '>=8.0.0'}
    hasBin: true
    optionalDependencies:
      fsevents: 2.3.2
    dev: true

  /sass@1.64.1:
    resolution: {integrity: sha512-16rRACSOFEE8VN7SCgBu1MpYCyN7urj9At898tyzdXFhC+a+yOX5dXwAR7L8/IdPJ1NB8OYoXmD55DM30B2kEQ==}
    engines: {node: '>=14.0.0'}
    hasBin: true
    dependencies:
      chokidar: 3.5.3
      immutable: 4.3.1
      source-map-js: 1.0.2

  /source-map-js@1.0.2:
    resolution: {integrity: sha512-R0XvVJ9WusLiqTCEiGCmICCMplcCkIwwR11mOSD9CR5u+IXYdiseeEuXCVAjS54zqwkLcPNnmU4OeJ6tUrWhDw==}
    engines: {node: '>=0.10.0'}

  /source-map-support@0.5.21:
    resolution: {integrity: sha512-uBHU3L3czsIyYXKX88fdrGovxdSCoTGDRZ6SYXtSRxLZUzHg5P/66Ht6uoUlHu9EZod+inXhKo3qQgwXUT/y1w==}
    dependencies:
      buffer-from: 1.1.2
      source-map: 0.6.1
    dev: true

  /source-map@0.6.1:
    resolution: {integrity: sha512-UjgapumWlbMhkBgzT7Ykc5YXUT46F0iKu8SGXq0bcwP5dz/h0Plj6enJqjz1Zbq2l5WaqYnrVbwWOWMyF3F47g==}
    engines: {node: '>=0.10.0'}
    dev: true

  /terser@5.19.2:
    resolution: {integrity: sha512-qC5+dmecKJA4cpYxRa5aVkKehYsQKc+AHeKl0Oe62aYjBL8ZA33tTljktDHJSaxxMnbI5ZYw+o/S2DxxLu8OfA==}
    engines: {node: '>=10'}
    hasBin: true
    dependencies:
      '@jridgewell/source-map': 0.3.5
      acorn: 8.10.0
      commander: 2.20.3
      source-map-support: 0.5.21
    dev: true

  /to-fast-properties@2.0.0:
    resolution: {integrity: sha512-/OaKK0xYrs3DmxRYqL/yDc+FxFUVYhDlXMhRmv3z915w2HF1tnN1omB354j8VUGO/hbRzyD6Y3sA7v7GS/ceog==}
    engines: {node: '>=4'}

  /to-regex-range@5.0.1:
    resolution: {integrity: sha512-65P7iz6X5yEr1cwcgvQxbbIw7Uk3gOy5dIdtZ4rDveLqhrdJP+Li/Hx6tyK0NEb+2GCyneCMJiGqrADCSNk8sQ==}
    engines: {node: '>=8.0'}
    dependencies:
      is-number: 7.0.0

  /vite@4.4.6(sass@1.64.1)(terser@5.19.2):
    resolution: {integrity: sha512-EY6Mm8vJ++S3D4tNAckaZfw3JwG3wa794Vt70M6cNJ6NxT87yhq7EC8Rcap3ahyHdo8AhCmV9PTk+vG1HiYn1A==}
    engines: {node: ^14.18.0 || >=16.0.0}
    hasBin: true
    peerDependencies:
      '@types/node': '>= 14'
      less: '*'
      lightningcss: ^1.21.0
      sass: '*'
      stylus: '*'
      sugarss: '*'
      terser: ^5.4.0
    peerDependenciesMeta:
      '@types/node':
        optional: true
      less:
        optional: true
      lightningcss:
        optional: true
      sass:
        optional: true
      stylus:
        optional: true
      sugarss:
        optional: true
      terser:
        optional: true
    dependencies:
      esbuild: 0.18.16
      postcss: 8.4.27
      rollup: 3.26.3
      sass: 1.64.1
      terser: 5.19.2
    optionalDependencies:
      fsevents: 2.3.2
    dev: true

  /vue-demi@0.14.5(vue@3.3.4):
    resolution: {integrity: sha512-o9NUVpl/YlsGJ7t+xuqJKx8EBGf1quRhCiT6D/J0pfwmk9zUwYkC7yrF4SZCe6fETvSM3UNL2edcbYrSyc4QHA==}
    engines: {node: '>=12'}
    hasBin: true
    requiresBuild: true
    peerDependencies:
      '@vue/composition-api': ^1.0.0-rc.1
      vue: ^3.0.0-0 || ^2.6.0
    peerDependenciesMeta:
      '@vue/composition-api':
        optional: true
    dependencies:
      vue: 3.3.4
    dev: false

  /vue@3.3.4:
    resolution: {integrity: sha512-VTyEYn3yvIeY1Py0WaYGZsXnz3y5UnGi62GjVEqvEGPl6nxbOrCXbVOTQWBEJUqAyTUk2uJ5JLVnYJ6ZzGbrSw==}
    dependencies:
      '@vue/compiler-dom': 3.3.4
      '@vue/compiler-sfc': 3.3.4
      '@vue/runtime-dom': 3.3.4
      '@vue/server-renderer': 3.3.4(vue@3.3.4)
      '@vue/shared': 3.3.4
